# This file is autogenerated, do not edit; changes may be undone by the next 'dep ensure'.


[[projects]]
  name = "github.com/aws/aws-lambda-go"
  packages = [
    "lambda",
    "lambda/messages",
    "lambdacontext"
  ]
  revision = "2d482ef09017ae953b1e8d5a6ddac5b696663a3c"
  version = "v1.6.0"

[[projects]]
  name = "github.com/aws/aws-sdk-go"
  packages = [
    "aws",
    "aws/arn",
    "aws/awserr",
    "aws/awsutil",
    "aws/client",
    "aws/client/metadata",
    "aws/credentials",
    "aws/endpoints",
    "aws/request",
    "aws/signer/v4",
    "internal/sdkio",
    "internal/sdkrand",
    "internal/shareddefaults",
    "private/protocol",
    "private/protocol/json/jsonutil",
    "private/protocol/jsonrpc",
    "private/protocol/rest",
    "service/sfn"
  ]
  revision = "3c7ce80a3b6d9b952022a6c5e5dd758486ff4de1"
  version = "v1.15.48"

[[projects]]
  branch = "master"
  name = "github.com/coinbase/step"
  packages = [
    "errors",
    "handler",
    "jsonpath",
    "machine",
    "machine/state",
    "utils/is",
    "utils/run",
    "utils/to"
  ]
  revision = "73eb6870d7aa9d987a86c96ea9e5249f379cf722"

[[projects]]
  name = "github.com/davecgh/go-spew"
  packages = ["spew"]
  revision = "8991bc29aa16c548c550c7ff78260e27b9ab7c73"
  version = "v1.1.1"

[[projects]]
  name = "github.com/go-ini/ini"
  packages = ["."]
  revision = "7b294651033cd7d9e7f0d9ffa1b75ed1e198e737"
  version = "v1.38.3"

[[projects]]
  name = "github.com/jmespath/go-jmespath"
  packages = ["."]
  revision = "0b12d6b5"

[[projects]]
  name = "github.com/pmezard/go-difflib"
  packages = ["difflib"]
  revision = "792786c7400a136282c1664665ae0a8db921c6c2"
  version = "v1.0.0"

[[projects]]
  name = "github.com/stretchr/testify"
  packages = ["assert"]
  revision = "f35b8ab0b5a2cef36673838d662e249dd9c94686"
  version = "v1.2.2"

[solve-meta]
  analyzer-name = "dep"
  analyzer-version = 1
  inputs-digest = "bb3bc46da86087be64bd2e54889c08c446b207bfc9b5f18fa3589a325f7f29cf"
  solver-name = "gps-cdcl"
  solver-version = 1
